// !$*UTF8*$!
{
	archiveVersion = 1;
	classes = {
	};
	objectVersion = 46;
	objects = {

/* Begin PBXBuildFile section */
		D10448F91F278EAF0057488D /* BasicEnemy.m in Sources */ = {isa = PBXBuildFile; fileRef = D10448F81F278EAF0057488D /* BasicEnemy.m */; };
		D10448FD1F27D9020057488D /* JoystickNode.m in Sources */ = {isa = PBXBuildFile; fileRef = D10448FC1F27D9020057488D /* JoystickNode.m */; };
		D1318B341F2929190010A1C7 /* HealthBarNode.m in Sources */ = {isa = PBXBuildFile; fileRef = D1318B331F2929190010A1C7 /* HealthBarNode.m */; };
		D16690901F26D1C000FE430A /* GameConfigurations.m in Sources */ = {isa = PBXBuildFile; fileRef = D166908F1F26D1C000FE430A /* GameConfigurations.m */; };
		D16690931F26F0CB00FE430A /* GameManager.m in Sources */ = {isa = PBXBuildFile; fileRef = D16690921F26F0CB00FE430A /* GameManager.m */; };
		D16B75E91F22FAC90047A475 /* Player.m in Sources */ = {isa = PBXBuildFile; fileRef = D16B75E81F22FAC90047A475 /* Player.m */; };
		D16B75EF1F22FC990047A475 /* Unit.m in Sources */ = {isa = PBXBuildFile; fileRef = D16B75EE1F22FC990047A475 /* Unit.m */; };
		D16B760A1F265B130047A475 /* AnimationComponent.m in Sources */ = {isa = PBXBuildFile; fileRef = D16B76091F265B130047A475 /* AnimationComponent.m */; };
		D19CC14C1F22CA4C00E97820 /* main.m in Sources */ = {isa = PBXBuildFile; fileRef = D19CC14B1F22CA4C00E97820 /* main.m */; };
		D19CC14F1F22CA4C00E97820 /* AppDelegate.m in Sources */ = {isa = PBXBuildFile; fileRef = D19CC14E1F22CA4C00E97820 /* AppDelegate.m */; };
		D19CC1511F22CA4C00E97820 /* GameScene.sks in Resources */ = {isa = PBXBuildFile; fileRef = D19CC1501F22CA4C00E97820 /* GameScene.sks */; };
		D19CC1531F22CA4C00E97820 /* Actions.sks in Resources */ = {isa = PBXBuildFile; fileRef = D19CC1521F22CA4C00E97820 /* Actions.sks */; };
		D19CC1561F22CA4C00E97820 /* GameScene.m in Sources */ = {isa = PBXBuildFile; fileRef = D19CC1551F22CA4C00E97820 /* GameScene.m */; };
		D19CC1591F22CA4C00E97820 /* GameViewController.m in Sources */ = {isa = PBXBuildFile; fileRef = D19CC1581F22CA4C00E97820 /* GameViewController.m */; };
		D19CC15C1F22CA4C00E97820 /* Main.storyboard in Resources */ = {isa = PBXBuildFile; fileRef = D19CC15A1F22CA4C00E97820 /* Main.storyboard */; };
		D19CC15E1F22CA4C00E97820 /* Assets.xcassets in Resources */ = {isa = PBXBuildFile; fileRef = D19CC15D1F22CA4C00E97820 /* Assets.xcassets */; };
		D19CC1611F22CA4C00E97820 /* LaunchScreen.storyboard in Resources */ = {isa = PBXBuildFile; fileRef = D19CC15F1F22CA4C00E97820 /* LaunchScreen.storyboard */; };
		D19CC1691F22CD3400E97820 /* MainMenu.sks in Resources */ = {isa = PBXBuildFile; fileRef = D19CC1681F22CD3400E97820 /* MainMenu.sks */; };
		D19CC16C1F22CDE500E97820 /* MainMenu.m in Sources */ = {isa = PBXBuildFile; fileRef = D19CC16B1F22CDE500E97820 /* MainMenu.m */; };
		D1A697201F28BF46002420CE /* BlueState.m in Sources */ = {isa = PBXBuildFile; fileRef = D1A6971F1F28BF46002420CE /* BlueState.m */; };
		D1A697231F28BF5F002420CE /* RedState.m in Sources */ = {isa = PBXBuildFile; fileRef = D1A697221F28BF5F002420CE /* RedState.m */; };
		D1A697261F28BFD8002420CE /* BarrierComponent.m in Sources */ = {isa = PBXBuildFile; fileRef = D1A697251F28BFD8002420CE /* BarrierComponent.m */; };
		D1CA648D1F26B2DF00C40FA7 /* RenderComponent.m in Sources */ = {isa = PBXBuildFile; fileRef = D1CA648C1F26B2DF00C40FA7 /* RenderComponent.m */; };
		D1CA64901F26B59700C40FA7 /* PhysicsComponent.m in Sources */ = {isa = PBXBuildFile; fileRef = D1CA648F1F26B59700C40FA7 /* PhysicsComponent.m */; };
		D1CA649C1F26BDB900C40FA7 /* EntityPhysics.m in Sources */ = {isa = PBXBuildFile; fileRef = D1CA649B1F26BDB900C40FA7 /* EntityPhysics.m */; };
		D1CA649F1F26C4DC00C40FA7 /* MovementComponent.m in Sources */ = {isa = PBXBuildFile; fileRef = D1CA649E1F26C4DC00C40FA7 /* MovementComponent.m */; };
		D1FECA861F28001C00DE1B96 /* HealthComponent.m in Sources */ = {isa = PBXBuildFile; fileRef = D1FECA851F28001C00DE1B96 /* HealthComponent.m */; };
/* End PBXBuildFile section */

/* Begin PBXFileReference section */
		D10448F81F278EAF0057488D /* BasicEnemy.m */ = {isa = PBXFileReference; fileEncoding = 4; lastKnownFileType = sourcecode.c.objc; path = BasicEnemy.m; sourceTree = "<group>"; };
		D10448FB1F27D9020057488D /* JoystickNode.h */ = {isa = PBXFileReference; fileEncoding = 4; lastKnownFileType = sourcecode.c.h; path = JoystickNode.h; sourceTree = "<group>"; };
		D10448FC1F27D9020057488D /* JoystickNode.m */ = {isa = PBXFileReference; fileEncoding = 4; lastKnownFileType = sourcecode.c.objc; path = JoystickNode.m; sourceTree = "<group>"; };
		D1318B321F2929190010A1C7 /* HealthBarNode.h */ = {isa = PBXFileReference; fileEncoding = 4; lastKnownFileType = sourcecode.c.h; path = HealthBarNode.h; sourceTree = "<group>"; };
		D1318B331F2929190010A1C7 /* HealthBarNode.m */ = {isa = PBXFileReference; fileEncoding = 4; lastKnownFileType = sourcecode.c.objc; path = HealthBarNode.m; sourceTree = "<group>"; };
		D166908A1F26CCD500FE430A /* BasicEnemy.h */ = {isa = PBXFileReference; fileEncoding = 4; lastKnownFileType = sourcecode.c.h; path = BasicEnemy.h; sourceTree = "<group>"; };
		D166908E1F26D1C000FE430A /* GameConfigurations.h */ = {isa = PBXFileReference; fileEncoding = 4; lastKnownFileType = sourcecode.c.h; path = GameConfigurations.h; sourceTree = "<group>"; };
		D166908F1F26D1C000FE430A /* GameConfigurations.m */ = {isa = PBXFileReference; fileEncoding = 4; lastKnownFileType = sourcecode.c.objc; path = GameConfigurations.m; sourceTree = "<group>"; };
		D16690911F26F0CB00FE430A /* GameManager.h */ = {isa = PBXFileReference; fileEncoding = 4; lastKnownFileType = sourcecode.c.h; path = GameManager.h; sourceTree = "<group>"; };
		D16690921F26F0CB00FE430A /* GameManager.m */ = {isa = PBXFileReference; fileEncoding = 4; lastKnownFileType = sourcecode.c.objc; path = GameManager.m; sourceTree = "<group>"; };
		D16B75E71F22FAC90047A475 /* Player.h */ = {isa = PBXFileReference; fileEncoding = 4; lastKnownFileType = sourcecode.c.h; path = Player.h; sourceTree = "<group>"; };
		D16B75E81F22FAC90047A475 /* Player.m */ = {isa = PBXFileReference; fileEncoding = 4; lastKnownFileType = sourcecode.c.objc; path = Player.m; sourceTree = "<group>"; };
		D16B75ED1F22FC990047A475 /* Unit.h */ = {isa = PBXFileReference; fileEncoding = 4; lastKnownFileType = sourcecode.c.h; path = Unit.h; sourceTree = "<group>"; };
		D16B75EE1F22FC990047A475 /* Unit.m */ = {isa = PBXFileReference; fileEncoding = 4; lastKnownFileType = sourcecode.c.objc; path = Unit.m; sourceTree = "<group>"; };
		D16B76081F265B130047A475 /* AnimationComponent.h */ = {isa = PBXFileReference; fileEncoding = 4; lastKnownFileType = sourcecode.c.h; path = AnimationComponent.h; sourceTree = "<group>"; };
		D16B76091F265B130047A475 /* AnimationComponent.m */ = {isa = PBXFileReference; fileEncoding = 4; lastKnownFileType = sourcecode.c.objc; path = AnimationComponent.m; sourceTree = "<group>"; };
		D19CC1471F22CA4C00E97820 /* Cosurvive.app */ = {isa = PBXFileReference; explicitFileType = wrapper.application; includeInIndex = 0; path = Cosurvive.app; sourceTree = BUILT_PRODUCTS_DIR; };
		D19CC14B1F22CA4C00E97820 /* main.m */ = {isa = PBXFileReference; lastKnownFileType = sourcecode.c.objc; path = main.m; sourceTree = "<group>"; };
		D19CC14D1F22CA4C00E97820 /* AppDelegate.h */ = {isa = PBXFileReference; lastKnownFileType = sourcecode.c.h; path = AppDelegate.h; sourceTree = "<group>"; };
		D19CC14E1F22CA4C00E97820 /* AppDelegate.m */ = {isa = PBXFileReference; lastKnownFileType = sourcecode.c.objc; path = AppDelegate.m; sourceTree = "<group>"; };
		D19CC1501F22CA4C00E97820 /* GameScene.sks */ = {isa = PBXFileReference; lastKnownFileType = file.sks; path = GameScene.sks; sourceTree = "<group>"; };
		D19CC1521F22CA4C00E97820 /* Actions.sks */ = {isa = PBXFileReference; lastKnownFileType = file.sks; path = Actions.sks; sourceTree = "<group>"; };
		D19CC1541F22CA4C00E97820 /* GameScene.h */ = {isa = PBXFileReference; lastKnownFileType = sourcecode.c.h; path = GameScene.h; sourceTree = "<group>"; };
		D19CC1551F22CA4C00E97820 /* GameScene.m */ = {isa = PBXFileReference; lastKnownFileType = sourcecode.c.objc; path = GameScene.m; sourceTree = "<group>"; };
		D19CC1571F22CA4C00E97820 /* GameViewController.h */ = {isa = PBXFileReference; lastKnownFileType = sourcecode.c.h; path = GameViewController.h; sourceTree = "<group>"; };
		D19CC1581F22CA4C00E97820 /* GameViewController.m */ = {isa = PBXFileReference; lastKnownFileType = sourcecode.c.objc; path = GameViewController.m; sourceTree = "<group>"; };
		D19CC15B1F22CA4C00E97820 /* Base */ = {isa = PBXFileReference; lastKnownFileType = file.storyboard; name = Base; path = Base.lproj/Main.storyboard; sourceTree = "<group>"; };
		D19CC15D1F22CA4C00E97820 /* Assets.xcassets */ = {isa = PBXFileReference; lastKnownFileType = folder.assetcatalog; path = Assets.xcassets; sourceTree = "<group>"; };
		D19CC1601F22CA4C00E97820 /* Base */ = {isa = PBXFileReference; lastKnownFileType = file.storyboard; name = Base; path = Base.lproj/LaunchScreen.storyboard; sourceTree = "<group>"; };
		D19CC1621F22CA4C00E97820 /* Info.plist */ = {isa = PBXFileReference; lastKnownFileType = text.plist.xml; path = Info.plist; sourceTree = "<group>"; };
		D19CC1681F22CD3400E97820 /* MainMenu.sks */ = {isa = PBXFileReference; lastKnownFileType = file.sks; path = MainMenu.sks; sourceTree = "<group>"; };
		D19CC16A1F22CDE500E97820 /* MainMenu.h */ = {isa = PBXFileReference; fileEncoding = 4; lastKnownFileType = sourcecode.c.h; path = MainMenu.h; sourceTree = "<group>"; };
		D19CC16B1F22CDE500E97820 /* MainMenu.m */ = {isa = PBXFileReference; fileEncoding = 4; lastKnownFileType = sourcecode.c.objc; path = MainMenu.m; sourceTree = "<group>"; };
		D1A6971E1F28BF46002420CE /* BlueState.h */ = {isa = PBXFileReference; fileEncoding = 4; lastKnownFileType = sourcecode.c.h; path = BlueState.h; sourceTree = "<group>"; };
		D1A6971F1F28BF46002420CE /* BlueState.m */ = {isa = PBXFileReference; fileEncoding = 4; lastKnownFileType = sourcecode.c.objc; path = BlueState.m; sourceTree = "<group>"; };
		D1A697211F28BF5F002420CE /* RedState.h */ = {isa = PBXFileReference; fileEncoding = 4; lastKnownFileType = sourcecode.c.h; path = RedState.h; sourceTree = "<group>"; };
		D1A697221F28BF5F002420CE /* RedState.m */ = {isa = PBXFileReference; fileEncoding = 4; lastKnownFileType = sourcecode.c.objc; path = RedState.m; sourceTree = "<group>"; };
		D1A697241F28BFD8002420CE /* BarrierComponent.h */ = {isa = PBXFileReference; fileEncoding = 4; lastKnownFileType = sourcecode.c.h; path = BarrierComponent.h; sourceTree = "<group>"; };
		D1A697251F28BFD8002420CE /* BarrierComponent.m */ = {isa = PBXFileReference; fileEncoding = 4; lastKnownFileType = sourcecode.c.objc; path = BarrierComponent.m; sourceTree = "<group>"; };
		D1CA648B1F26B2DF00C40FA7 /* RenderComponent.h */ = {isa = PBXFileReference; fileEncoding = 4; lastKnownFileType = sourcecode.c.h; path = RenderComponent.h; sourceTree = "<group>"; };
		D1CA648C1F26B2DF00C40FA7 /* RenderComponent.m */ = {isa = PBXFileReference; fileEncoding = 4; lastKnownFileType = sourcecode.c.objc; path = RenderComponent.m; sourceTree = "<group>"; };
		D1CA648E1F26B59700C40FA7 /* PhysicsComponent.h */ = {isa = PBXFileReference; fileEncoding = 4; lastKnownFileType = sourcecode.c.h; path = PhysicsComponent.h; sourceTree = "<group>"; };
		D1CA648F1F26B59700C40FA7 /* PhysicsComponent.m */ = {isa = PBXFileReference; fileEncoding = 4; lastKnownFileType = sourcecode.c.objc; path = PhysicsComponent.m; sourceTree = "<group>"; };
		D1CA649A1F26BDB900C40FA7 /* EntityPhysics.h */ = {isa = PBXFileReference; fileEncoding = 4; lastKnownFileType = sourcecode.c.h; path = EntityPhysics.h; sourceTree = "<group>"; };
		D1CA649B1F26BDB900C40FA7 /* EntityPhysics.m */ = {isa = PBXFileReference; fileEncoding = 4; lastKnownFileType = sourcecode.c.objc; path = EntityPhysics.m; sourceTree = "<group>"; };
		D1CA649D1F26C4DC00C40FA7 /* MovementComponent.h */ = {isa = PBXFileReference; fileEncoding = 4; lastKnownFileType = sourcecode.c.h; path = MovementComponent.h; sourceTree = "<group>"; };
		D1CA649E1F26C4DC00C40FA7 /* MovementComponent.m */ = {isa = PBXFileReference; fileEncoding = 4; lastKnownFileType = sourcecode.c.objc; path = MovementComponent.m; sourceTree = "<group>"; };
		D1FECA841F28001C00DE1B96 /* HealthComponent.h */ = {isa = PBXFileReference; fileEncoding = 4; lastKnownFileType = sourcecode.c.h; path = HealthComponent.h; sourceTree = "<group>"; };
		D1FECA851F28001C00DE1B96 /* HealthComponent.m */ = {isa = PBXFileReference; fileEncoding = 4; lastKnownFileType = sourcecode.c.objc; path = HealthComponent.m; sourceTree = "<group>"; };
/* End PBXFileReference section */

/* Begin PBXFrameworksBuildPhase section */
		D19CC1441F22CA4C00E97820 /* Frameworks */ = {
			isa = PBXFrameworksBuildPhase;
			buildActionMask = 2147483647;
			files = (
			);
			runOnlyForDeploymentPostprocessing = 0;
		};
/* End PBXFrameworksBuildPhase section */

/* Begin PBXGroup section */
		D10448FA1F27D8E10057488D /* Nodes */ = {
			isa = PBXGroup;
			children = (
				D10448FB1F27D9020057488D /* JoystickNode.h */,
				D10448FC1F27D9020057488D /* JoystickNode.m */,
				D1318B321F2929190010A1C7 /* HealthBarNode.h */,
				D1318B331F2929190010A1C7 /* HealthBarNode.m */,
			);
			name = Nodes;
			sourceTree = "<group>";
		};
		D166908D1F26D1AA00FE430A /* Game Settings */ = {
			isa = PBXGroup;
			children = (
				D1CA649A1F26BDB900C40FA7 /* EntityPhysics.h */,
				D1CA649B1F26BDB900C40FA7 /* EntityPhysics.m */,
				D166908E1F26D1C000FE430A /* GameConfigurations.h */,
				D166908F1F26D1C000FE430A /* GameConfigurations.m */,
			);
			name = "Game Settings";
			sourceTree = "<group>";
		};
		D16B75E61F22FAC00047A475 /* Entities */ = {
			isa = PBXGroup;
			children = (
				D16B75ED1F22FC990047A475 /* Unit.h */,
				D16B75EE1F22FC990047A475 /* Unit.m */,
				D16B75E71F22FAC90047A475 /* Player.h */,
				D16B75E81F22FAC90047A475 /* Player.m */,
				D166908A1F26CCD500FE430A /* BasicEnemy.h */,
				D10448F81F278EAF0057488D /* BasicEnemy.m */,
			);
			name = Entities;
			sourceTree = "<group>";
		};
		D16B75F31F261AD80047A475 /* Components */ = {
			isa = PBXGroup;
			children = (
				D16B76081F265B130047A475 /* AnimationComponent.h */,
				D16B76091F265B130047A475 /* AnimationComponent.m */,
				D1FECA841F28001C00DE1B96 /* HealthComponent.h */,
				D1FECA851F28001C00DE1B96 /* HealthComponent.m */,
				D1CA649D1F26C4DC00C40FA7 /* MovementComponent.h */,
				D1CA649E1F26C4DC00C40FA7 /* MovementComponent.m */,
				D1CA648B1F26B2DF00C40FA7 /* RenderComponent.h */,
				D1CA648C1F26B2DF00C40FA7 /* RenderComponent.m */,
				D1CA648E1F26B59700C40FA7 /* PhysicsComponent.h */,
				D1CA648F1F26B59700C40FA7 /* PhysicsComponent.m */,
				D1A697241F28BFD8002420CE /* BarrierComponent.h */,
				D1A697251F28BFD8002420CE /* BarrierComponent.m */,
				D1A6971A1F28BEDC002420CE /* ColorState */,
			);
			name = Components;
			sourceTree = "<group>";
		};
		D19CC13E1F22CA4C00E97820 = {
			isa = PBXGroup;
			children = (
				D19CC1491F22CA4C00E97820 /* Cosurvive */,
				D19CC1481F22CA4C00E97820 /* Products */,
			);
			sourceTree = "<group>";
		};
		D19CC1481F22CA4C00E97820 /* Products */ = {
			isa = PBXGroup;
			children = (
				D19CC1471F22CA4C00E97820 /* Cosurvive.app */,
			);
			name = Products;
			sourceTree = "<group>";
		};
		D19CC1491F22CA4C00E97820 /* Cosurvive */ = {
			isa = PBXGroup;
			children = (
				D19CC1501F22CA4C00E97820 /* GameScene.sks */,
				D19CC1681F22CD3400E97820 /* MainMenu.sks */,
				D19CC16A1F22CDE500E97820 /* MainMenu.h */,
				D19CC16B1F22CDE500E97820 /* MainMenu.m */,
				D19CC1541F22CA4C00E97820 /* GameScene.h */,
				D19CC1551F22CA4C00E97820 /* GameScene.m */,
				D19CC1571F22CA4C00E97820 /* GameViewController.h */,
				D19CC1581F22CA4C00E97820 /* GameViewController.m */,
				D16690911F26F0CB00FE430A /* GameManager.h */,
				D16690921F26F0CB00FE430A /* GameManager.m */,
				D19CC15A1F22CA4C00E97820 /* Main.storyboard */,
				D19CC1521F22CA4C00E97820 /* Actions.sks */,
				D16B75F31F261AD80047A475 /* Components */,
				D16B75E61F22FAC00047A475 /* Entities */,
				D10448FA1F27D8E10057488D /* Nodes */,
				D166908D1F26D1AA00FE430A /* Game Settings */,
				D19CC15D1F22CA4C00E97820 /* Assets.xcassets */,
				D19CC14A1F22CA4C00E97820 /* Supporting Files */,
			);
			path = Cosurvive;
			sourceTree = "<group>";
		};
		D19CC14A1F22CA4C00E97820 /* Supporting Files */ = {
			isa = PBXGroup;
			children = (
				D19CC1621F22CA4C00E97820 /* Info.plist */,
				D19CC15F1F22CA4C00E97820 /* LaunchScreen.storyboard */,
				D19CC14D1F22CA4C00E97820 /* AppDelegate.h */,
				D19CC14E1F22CA4C00E97820 /* AppDelegate.m */,
				D19CC14B1F22CA4C00E97820 /* main.m */,
			);
			name = "Supporting Files";
			sourceTree = "<group>";
		};
		D1A6971A1F28BEDC002420CE /* ColorState */ = {
			isa = PBXGroup;
			children = (
				D1A697211F28BF5F002420CE /* RedState.h */,
				D1A697221F28BF5F002420CE /* RedState.m */,
				D1A6971E1F28BF46002420CE /* BlueState.h */,
				D1A6971F1F28BF46002420CE /* BlueState.m */,
			);
			name = ColorState;
			sourceTree = "<group>";
		};
/* End PBXGroup section */

/* Begin PBXNativeTarget section */
		D19CC1461F22CA4C00E97820 /* Cosurvive */ = {
			isa = PBXNativeTarget;
			buildConfigurationList = D19CC1651F22CA4C00E97820 /* Build configuration list for PBXNativeTarget "Cosurvive" */;
			buildPhases = (
				D19CC1431F22CA4C00E97820 /* Sources */,
				D19CC1441F22CA4C00E97820 /* Frameworks */,
				D19CC1451F22CA4C00E97820 /* Resources */,
			);
			buildRules = (
			);
			dependencies = (
			);
			name = Cosurvive;
			productName = Cosurvive;
			productReference = D19CC1471F22CA4C00E97820 /* Cosurvive.app */;
			productType = "com.apple.product-type.application";
		};
/* End PBXNativeTarget section */

/* Begin PBXProject section */
		D19CC13F1F22CA4C00E97820 /* Project object */ = {
			isa = PBXProject;
			attributes = {
				LastUpgradeCheck = 0830;
				ORGANIZATIONNAME = "Errol Cheong";
				TargetAttributes = {
					D19CC1461F22CA4C00E97820 = {
						CreatedOnToolsVersion = 8.3.3;
						DevelopmentTeam = 62G7WYJ46U;
						LastSwiftMigration = 0830;
						ProvisioningStyle = Automatic;
					};
				};
			};
			buildConfigurationList = D19CC1421F22CA4C00E97820 /* Build configuration list for PBXProject "Cosurvive" */;
			compatibilityVersion = "Xcode 3.2";
			developmentRegion = English;
			hasScannedForEncodings = 0;
			knownRegions = (
				en,
				Base,
			);
			mainGroup = D19CC13E1F22CA4C00E97820;
			productRefGroup = D19CC1481F22CA4C00E97820 /* Products */;
			projectDirPath = "";
			projectRoot = "";
			targets = (
				D19CC1461F22CA4C00E97820 /* Cosurvive */,
			);
		};
/* End PBXProject section */

/* Begin PBXResourcesBuildPhase section */
		D19CC1451F22CA4C00E97820 /* Resources */ = {
			isa = PBXResourcesBuildPhase;
			buildActionMask = 2147483647;
			files = (
				D19CC15C1F22CA4C00E97820 /* Main.storyboard in Resources */,
				D19CC1691F22CD3400E97820 /* MainMenu.sks in Resources */,
				D19CC1511F22CA4C00E97820 /* GameScene.sks in Resources */,
				D19CC15E1F22CA4C00E97820 /* Assets.xcassets in Resources */,
				D19CC1611F22CA4C00E97820 /* LaunchScreen.storyboard in Resources */,
				D19CC1531F22CA4C00E97820 /* Actions.sks in Resources */,
			);
			runOnlyForDeploymentPostprocessing = 0;
		};
/* End PBXResourcesBuildPhase section */

/* Begin PBXSourcesBuildPhase section */
		D19CC1431F22CA4C00E97820 /* Sources */ = {
			isa = PBXSourcesBuildPhase;
			buildActionMask = 2147483647;
			files = (
				D19CC16C1F22CDE500E97820 /* MainMenu.m in Sources */,
				D1CA64901F26B59700C40FA7 /* PhysicsComponent.m in Sources */,
				D16B760A1F265B130047A475 /* AnimationComponent.m in Sources */,
				D1CA648D1F26B2DF00C40FA7 /* RenderComponent.m in Sources */,
				D16B75EF1F22FC990047A475 /* Unit.m in Sources */,
				D19CC1591F22CA4C00E97820 /* GameViewController.m in Sources */,
				D1FECA861F28001C00DE1B96 /* HealthComponent.m in Sources */,
				D1318B341F2929190010A1C7 /* HealthBarNode.m in Sources */,
				D19CC14F1F22CA4C00E97820 /* AppDelegate.m in Sources */,
				D1A697261F28BFD8002420CE /* BarrierComponent.m in Sources */,
				D19CC1561F22CA4C00E97820 /* GameScene.m in Sources */,
				D16B75E91F22FAC90047A475 /* Player.m in Sources */,
				D16690901F26D1C000FE430A /* GameConfigurations.m in Sources */,
				D1CA649C1F26BDB900C40FA7 /* EntityPhysics.m in Sources */,
				D1A697231F28BF5F002420CE /* RedState.m in Sources */,
				D16690931F26F0CB00FE430A /* GameManager.m in Sources */,
				D10448F91F278EAF0057488D /* BasicEnemy.m in Sources */,
				D19CC14C1F22CA4C00E97820 /* main.m in Sources */,
				D1CA649F1F26C4DC00C40FA7 /* MovementComponent.m in Sources */,
				D10448FD1F27D9020057488D /* JoystickNode.m in Sources */,
				D1A697201F28BF46002420CE /* BlueState.m in Sources */,
			);
			runOnlyForDeploymentPostprocessing = 0;
		};
/* End PBXSourcesBuildPhase section */

/* Begin PBXVariantGroup section */
		D19CC15A1F22CA4C00E97820 /* Main.storyboard */ = {
			isa = PBXVariantGroup;
			children = (
				D19CC15B1F22CA4C00E97820 /* Base */,
			);
			name = Main.storyboard;
			sourceTree = "<group>";
		};
		D19CC15F1F22CA4C00E97820 /* LaunchScreen.storyboard */ = {
			isa = PBXVariantGroup;
			children = (
				D19CC1601F22CA4C00E97820 /* Base */,
			);
			name = LaunchScreen.storyboard;
			sourceTree = "<group>";
		};
/* End PBXVariantGroup section */

/* Begin XCBuildConfiguration section */
		D19CC1631F22CA4C00E97820 /* Debug */ = {
			isa = XCBuildConfiguration;
			buildSettings = {
				ALWAYS_SEARCH_USER_PATHS = NO;
				CLANG_ANALYZER_NONNULL = YES;
				CLANG_ANALYZER_NUMBER_OBJECT_CONVERSION = YES_AGGRESSIVE;
				CLANG_CXX_LANGUAGE_STANDARD = "gnu++0x";
				CLANG_CXX_LIBRARY = "libc++";
				CLANG_ENABLE_MODULES = YES;
				CLANG_ENABLE_OBJC_ARC = YES;
				CLANG_WARN_BOOL_CONVERSION = YES;
				CLANG_WARN_CONSTANT_CONVERSION = YES;
				CLANG_WARN_DIRECT_OBJC_ISA_USAGE = YES_ERROR;
				CLANG_WARN_DOCUMENTATION_COMMENTS = YES;
				CLANG_WARN_EMPTY_BODY = YES;
				CLANG_WARN_ENUM_CONVERSION = YES;
				CLANG_WARN_INFINITE_RECURSION = YES;
				CLANG_WARN_INT_CONVERSION = YES;
				CLANG_WARN_OBJC_ROOT_CLASS = YES_ERROR;
				CLANG_WARN_SUSPICIOUS_MOVE = YES;
				CLANG_WARN_UNREACHABLE_CODE = YES;
				CLANG_WARN__DUPLICATE_METHOD_MATCH = YES;
				"CODE_SIGN_IDENTITY[sdk=iphoneos*]" = "iPhone Developer";
				COPY_PHASE_STRIP = NO;
				DEBUG_INFORMATION_FORMAT = dwarf;
				ENABLE_STRICT_OBJC_MSGSEND = YES;
				ENABLE_TESTABILITY = YES;
				GCC_C_LANGUAGE_STANDARD = gnu99;
				GCC_DYNAMIC_NO_PIC = NO;
				GCC_NO_COMMON_BLOCKS = YES;
				GCC_OPTIMIZATION_LEVEL = 0;
				GCC_PREPROCESSOR_DEFINITIONS = (
					"DEBUG=1",
					"$(inherited)",
				);
				GCC_WARN_64_TO_32_BIT_CONVERSION = YES;
				GCC_WARN_ABOUT_RETURN_TYPE = YES_ERROR;
				GCC_WARN_UNDECLARED_SELECTOR = YES;
				GCC_WARN_UNINITIALIZED_AUTOS = YES_AGGRESSIVE;
				GCC_WARN_UNUSED_FUNCTION = YES;
				GCC_WARN_UNUSED_VARIABLE = YES;
				IPHONEOS_DEPLOYMENT_TARGET = 10.3;
				MTL_ENABLE_DEBUG_INFO = YES;
				ONLY_ACTIVE_ARCH = YES;
				SDKROOT = iphoneos;
				TARGETED_DEVICE_FAMILY = "1,2";
			};
			name = Debug;
		};
		D19CC1641F22CA4C00E97820 /* Release */ = {
			isa = XCBuildConfiguration;
			buildSettings = {
				ALWAYS_SEARCH_USER_PATHS = NO;
				CLANG_ANALYZER_NONNULL = YES;
				CLANG_ANALYZER_NUMBER_OBJECT_CONVERSION = YES_AGGRESSIVE;
				CLANG_CXX_LANGUAGE_STANDARD = "gnu++0x";
				CLANG_CXX_LIBRARY = "libc++";
				CLANG_ENABLE_MODULES = YES;
				CLANG_ENABLE_OBJC_ARC = YES;
				CLANG_WARN_BOOL_CONVERSION = YES;
				CLANG_WARN_CONSTANT_CONVERSION = YES;
				CLANG_WARN_DIRECT_OBJC_ISA_USAGE = YES_ERROR;
				CLANG_WARN_DOCUMENTATION_COMMENTS = YES;
				CLANG_WARN_EMPTY_BODY = YES;
				CLANG_WARN_ENUM_CONVERSION = YES;
				CLANG_WARN_INFINITE_RECURSION = YES;
				CLANG_WARN_INT_CONVERSION = YES;
				CLANG_WARN_OBJC_ROOT_CLASS = YES_ERROR;
				CLANG_WARN_SUSPICIOUS_MOVE = YES;
				CLANG_WARN_UNREACHABLE_CODE = YES;
				CLANG_WARN__DUPLICATE_METHOD_MATCH = YES;
				"CODE_SIGN_IDENTITY[sdk=iphoneos*]" = "iPhone Developer";
				COPY_PHASE_STRIP = NO;
				DEBUG_INFORMATION_FORMAT = "dwarf-with-dsym";
				ENABLE_NS_ASSERTIONS = NO;
				ENABLE_STRICT_OBJC_MSGSEND = YES;
				GCC_C_LANGUAGE_STANDARD = gnu99;
				GCC_NO_COMMON_BLOCKS = YES;
				GCC_WARN_64_TO_32_BIT_CONVERSION = YES;
				GCC_WARN_ABOUT_RETURN_TYPE = YES_ERROR;
				GCC_WARN_UNDECLARED_SELECTOR = YES;
				GCC_WARN_UNINITIALIZED_AUTOS = YES_AGGRESSIVE;
				GCC_WARN_UNUSED_FUNCTION = YES;
				GCC_WARN_UNUSED_VARIABLE = YES;
				IPHONEOS_DEPLOYMENT_TARGET = 10.3;
				MTL_ENABLE_DEBUG_INFO = NO;
				SDKROOT = iphoneos;
				TARGETED_DEVICE_FAMILY = "1,2";
				VALIDATE_PRODUCT = YES;
			};
			name = Release;
		};
		D19CC1661F22CA4C00E97820 /* Debug */ = {
			isa = XCBuildConfiguration;
			buildSettings = {
				ASSETCATALOG_COMPILER_APPICON_NAME = AppIcon;
				CLANG_ENABLE_MODULES = YES;
				DEVELOPMENT_TEAM = 62G7WYJ46U;
				INFOPLIST_FILE = Cosurvive/Info.plist;
				IPHONEOS_DEPLOYMENT_TARGET = 10.3;
				LD_RUNPATH_SEARCH_PATHS = "$(inherited) @executable_path/Frameworks";
				PRODUCT_BUNDLE_IDENTIFIER = com.errolcheong.Cosurvive;
				PRODUCT_NAME = "$(TARGET_NAME)";
				SWIFT_OPTIMIZATION_LEVEL = "-Onone";
				SWIFT_VERSION = 3.0;
			};
			name = Debug;
		};
		D19CC1671F22CA4C00E97820 /* Release */ = {
			isa = XCBuildConfiguration;
			buildSettings = {
				ASSETCATALOG_COMPILER_APPICON_NAME = AppIcon;
				CLANG_ENABLE_MODULES = YES;
				DEVELOPMENT_TEAM = 62G7WYJ46U;
				INFOPLIST_FILE = Cosurvive/Info.plist;
				IPHONEOS_DEPLOYMENT_TARGET = 10.3;
				LD_RUNPATH_SEARCH_PATHS = "$(inherited) @executable_path/Frameworks";
				PRODUCT_BUNDLE_IDENTIFIER = com.errolcheong.Cosurvive;
				PRODUCT_NAME = "$(TARGET_NAME)";
				SWIFT_VERSION = 3.0;
			};
			name = Release;
		};
/* End XCBuildConfiguration section */

/* Begin XCConfigurationList section */
		D19CC1421F22CA4C00E97820 /* Build configuration list for PBXProject "Cosurvive" */ = {
			isa = XCConfigurationList;
			buildConfigurations = (
				D19CC1631F22CA4C00E97820 /* Debug */,
				D19CC1641F22CA4C00E97820 /* Release */,
			);
			defaultConfigurationIsVisible = 0;
			defaultConfigurationName = Release;
		};
		D19CC1651F22CA4C00E97820 /* Build configuration list for PBXNativeTarget "Cosurvive" */ = {
			isa = XCConfigurationList;
			buildConfigurations = (
				D19CC1661F22CA4C00E97820 /* Debug */,
				D19CC1671F22CA4C00E97820 /* Release */,
			);
			defaultConfigurationIsVisible = 0;
			defaultConfigurationName = Release;
		};
/* End XCConfigurationList section */
	};
	rootObject = D19CC13F1F22CA4C00E97820 /* Project object */;
}
